
Microsoft Visual Studio Solution File, Format Version 12.00
# Visual Studio Version 17
VisualStudioVersion = 17.14.36623.8
MinimumVisualStudioVersion = 10.0.40219.1
Project("{FAE04EC0-301F-11D3-BF4B-00C04F79EFBC}") = "Workshop7", "Workshop7.csproj", "{C421769D-19F6-49C6-8634-2AA65768F26D}"
EndProject
Project("{2150E333-8FDC-42A3-9474-1A3956D46DE8}") = "NewFolder1", "NewFolder1", "{02EA681E-C7D8-13C7-8484-4AC65E1B71E8}"
	ProjectSection(SolutionItems) = preProject
		.gitignore = .gitignore
	EndProjectSection
EndProject
Global
	GlobalSection(SolutionConfigurationPlatforms) = preSolution
		Debug|Any CPU = Debug|Any CPU
		Release|Any CPU = Release|Any CPU
	EndGlobalSection
	GlobalSection(ProjectConfigurationPlatforms) = postSolution
		{C421769D-19F6-49C6-8634-2AA65768F26D}.Debug|Any CPU.ActiveCfg = Debug|Any CPU
		{C421769D-19F6-49C6-8634-2AA65768F26D}.Debug|Any CPU.Build.0 = Debug|Any CPU
		{C421769D-19F6-49C6-8634-2AA65768F26D}.Debug|Any CPU.Deploy.0 = Debug|Any CPU
		{C421769D-19F6-49C6-8634-2AA65768F26D}.Release|Any CPU.ActiveCfg = Release|Any CPU
		{C421769D-19F6-49C6-8634-2AA65768F26D}.Release|Any CPU.Build.0 = Release|Any CPU
	EndGlobalSection
	GlobalSection(SolutionProperties) = preSolution
		HideSolutionNode = FALSE
	EndGlobalSection
	GlobalSection(ExtensibilityGlobals) = postSolution
		SolutionGuid = {136C6C21-C5EB-4C70-90F0-95FD0B26797E}
	EndGlobalSection
EndGlobal
